
Microsoft Visual Studio Solution File, Format Version 12.00
# Visual Studio Version 16
VisualStudioVersion = 16.0.30611.23
MinimumVisualStudioVersion = 10.0.40219.1
Project("{FAE04EC0-301F-11D3-BF4B-00C04F79EFBC}") = "dotNet5781_00_ 2375_6415", "dotNet5781_00_ 2375_6415\dotNet5781_00_ 2375_6415.csproj", "{99B76128-CAE9-4951-9FCF-9B020DE4FA25}"
EndProject
Project("{FAE04EC0-301F-11D3-BF4B-00C04F79EFBC}") = "dotNet5781_01_2375_6415", "dotNet5781_01_2375_6415\dotNet5781_01_2375_6415.csproj", "{E7005186-7E5A-43AA-BDEC-4B6D5E6E276A}"
EndProject
Project("{FAE04EC0-301F-11D3-BF4B-00C04F79EFBC}") = "dotNet5781_02_2375_6415", "dotNet5781_02_2375_6415\dotNet5781_02_2375_6415.csproj", "{861B58B7-CDCB-47A0-916E-51E2116124D1}"
EndProject
Project("{FAE04EC0-301F-11D3-BF4B-00C04F79EFBC}") = "dotNet5781_ 03A_2375_6415", "dotNet5781_ 03A_2375_6415\dotNet5781_ 03A_2375_6415.csproj", "{AB57674B-643E-438B-9163-74049C165A5F}"
EndProject
Project("{FAE04EC0-301F-11D3-BF4B-00C04F79EFBC}") = "dotNet5781_03B_2375_6415", "dotNet5781_03B_2375_6415\dotNet5781_03B_2375_6415.csproj", "{8438920F-510F-405A-AE55-061DB739AC80}"
EndProject
Project("{FAE04EC0-301F-11D3-BF4B-00C04F79EFBC}") = "DS", "DS\DS.csproj", "{FD65028B-2BDB-44EE-9453-2396A9A44E77}"
EndProject
Project("{FAE04EC0-301F-11D3-BF4B-00C04F79EFBC}") = "DalApi", "DalApi\DalApi.csproj", "{B95A6284-EDEC-4BDD-8955-99D73E241121}"
EndProject
Project("{FAE04EC0-301F-11D3-BF4B-00C04F79EFBC}") = "DalObject", "DalObject\DalObject.csproj", "{1B3FE257-9E46-4C59-8373-322970A8492B}"
EndProject
Project("{2150E333-8FDC-42A3-9474-1A3956D46DE8}") = "Dal", "Dal", "{A275DFA9-76B8-45F4-B926-58E68E1EB301}"
EndProject
Project("{2150E333-8FDC-42A3-9474-1A3956D46DE8}") = "BL", "BL", "{C46F31EA-2B4B-4CBA-8E08-849FD4D398BF}"
EndProject
Project("{FAE04EC0-301F-11D3-BF4B-00C04F79EFBC}") = "BL", "BL\BL.csproj", "{D315E51F-35EB-4232-8CC7-21D801AFFBC3}"
EndProject
Project("{2150E333-8FDC-42A3-9474-1A3956D46DE8}") = "GUI", "GUI", "{FB9C97CF-B599-4292-9724-162ED409BC52}"
EndProject
Project("{FAE04EC0-301F-11D3-BF4B-00C04F79EFBC}") = "PL.WPF", "PL.WPF\PL.WPF.csproj", "{AFD90C81-9C51-4E0D-A930-21BC7202EB01}"
	ProjectSection(ProjectDependencies) = postProject
		{6E0DA637-DF20-4C00-9A90-9CDCB7741459} = {6E0DA637-DF20-4C00-9A90-9CDCB7741459}
		{1B3FE257-9E46-4C59-8373-322970A8492B} = {1B3FE257-9E46-4C59-8373-322970A8492B}
		{B95A6284-EDEC-4BDD-8955-99D73E241121} = {B95A6284-EDEC-4BDD-8955-99D73E241121}
		{FD65028B-2BDB-44EE-9453-2396A9A44E77} = {FD65028B-2BDB-44EE-9453-2396A9A44E77}
	EndProjectSection
EndProject
Project("{2150E333-8FDC-42A3-9474-1A3956D46DE8}") = "Solution Items", "Solution Items", "{74C806F2-07BD-4EEB-A78F-45F8D2348D82}"
	ProjectSection(SolutionItems) = preProject
		bin\debug\xml\Bus.xml = bin\debug\xml\Bus.xml
		bin\debug\xml\BusLine.xml = bin\debug\xml\BusLine.xml
		bin\debug\button-42.wav = bin\debug\button-42.wav
		bin\debug\config.xml = bin\debug\config.xml
		bin\debug\xml\LineDeparting.xml = bin\debug\xml\LineDeparting.xml
		bin\debug\xml\LineStation.xml = bin\debug\xml\LineStation.xml
		..\..\..\..\..\Program Files (x86)\Bing Maps WPF Control\V1\Libraries\Microsoft.Maps.MapControl.WPF.dll = ..\..\..\..\..\Program Files (x86)\Bing Maps WPF Control\V1\Libraries\Microsoft.Maps.MapControl.WPF.dll
		bin\debug\xml\PairStations.xml = bin\debug\xml\PairStations.xml
		bin\debug\xml\Station.xml = bin\debug\xml\Station.xml
		bin\debug\xml\User.xml = bin\debug\xml\User.xml
	EndProjectSection
EndProject
Project("{FAE04EC0-301F-11D3-BF4B-00C04F79EFBC}") = "DalXml", "DalXml\DalXml.csproj", "{6E0DA637-DF20-4C00-9A90-9CDCB7741459}"
EndProject
Project("{FAE04EC0-301F-11D3-BF4B-00C04F79EFBC}") = "ConsoleApp2", "ConsoleApp2\ConsoleApp2.csproj", "{F14B9F9C-9DED-4BB6-BEA7-69FEF0B5E890}"
EndProject
Global
	GlobalSection(SolutionConfigurationPlatforms) = preSolution
		Debug|Any CPU = Debug|Any CPU
		Release|Any CPU = Release|Any CPU
	EndGlobalSection
	GlobalSection(ProjectConfigurationPlatforms) = postSolution
		{99B76128-CAE9-4951-9FCF-9B020DE4FA25}.Debug|Any CPU.ActiveCfg = Debug|Any CPU
		{99B76128-CAE9-4951-9FCF-9B020DE4FA25}.Debug|Any CPU.Build.0 = Debug|Any CPU
		{99B76128-CAE9-4951-9FCF-9B020DE4FA25}.Release|Any CPU.ActiveCfg = Release|Any CPU
		{99B76128-CAE9-4951-9FCF-9B020DE4FA25}.Release|Any CPU.Build.0 = Release|Any CPU
		{E7005186-7E5A-43AA-BDEC-4B6D5E6E276A}.Debug|Any CPU.ActiveCfg = Debug|Any CPU
		{E7005186-7E5A-43AA-BDEC-4B6D5E6E276A}.Debug|Any CPU.Build.0 = Debug|Any CPU
		{E7005186-7E5A-43AA-BDEC-4B6D5E6E276A}.Release|Any CPU.ActiveCfg = Release|Any CPU
		{E7005186-7E5A-43AA-BDEC-4B6D5E6E276A}.Release|Any CPU.Build.0 = Release|Any CPU
		{861B58B7-CDCB-47A0-916E-51E2116124D1}.Debug|Any CPU.ActiveCfg = Debug|Any CPU
		{861B58B7-CDCB-47A0-916E-51E2116124D1}.Debug|Any CPU.Build.0 = Debug|Any CPU
		{861B58B7-CDCB-47A0-916E-51E2116124D1}.Release|Any CPU.ActiveCfg = Release|Any CPU
		{861B58B7-CDCB-47A0-916E-51E2116124D1}.Release|Any CPU.Build.0 = Release|Any CPU
		{AB57674B-643E-438B-9163-74049C165A5F}.Debug|Any CPU.ActiveCfg = Debug|Any CPU
		{AB57674B-643E-438B-9163-74049C165A5F}.Debug|Any CPU.Build.0 = Debug|Any CPU
		{AB57674B-643E-438B-9163-74049C165A5F}.Release|Any CPU.ActiveCfg = Release|Any CPU
		{AB57674B-643E-438B-9163-74049C165A5F}.Release|Any CPU.Build.0 = Release|Any CPU
		{8438920F-510F-405A-AE55-061DB739AC80}.Debug|Any CPU.ActiveCfg = Debug|Any CPU
		{8438920F-510F-405A-AE55-061DB739AC80}.Debug|Any CPU.Build.0 = Debug|Any CPU
		{8438920F-510F-405A-AE55-061DB739AC80}.Release|Any CPU.ActiveCfg = Release|Any CPU
		{8438920F-510F-405A-AE55-061DB739AC80}.Release|Any CPU.Build.0 = Release|Any CPU
		{FD65028B-2BDB-44EE-9453-2396A9A44E77}.Debug|Any CPU.ActiveCfg = Debug|Any CPU
		{FD65028B-2BDB-44EE-9453-2396A9A44E77}.Debug|Any CPU.Build.0 = Debug|Any CPU
		{FD65028B-2BDB-44EE-9453-2396A9A44E77}.Release|Any CPU.ActiveCfg = Release|Any CPU
		{FD65028B-2BDB-44EE-9453-2396A9A44E77}.Release|Any CPU.Build.0 = Release|Any CPU
		{B95A6284-EDEC-4BDD-8955-99D73E241121}.Debug|Any CPU.ActiveCfg = Debug|Any CPU
		{B95A6284-EDEC-4BDD-8955-99D73E241121}.Debug|Any CPU.Build.0 = Debug|Any CPU
		{B95A6284-EDEC-4BDD-8955-99D73E241121}.Release|Any CPU.ActiveCfg = Release|Any CPU
		{B95A6284-EDEC-4BDD-8955-99D73E241121}.Release|Any CPU.Build.0 = Release|Any CPU
		{1B3FE257-9E46-4C59-8373-322970A8492B}.Debug|Any CPU.ActiveCfg = Debug|Any CPU
		{1B3FE257-9E46-4C59-8373-322970A8492B}.Debug|Any CPU.Build.0 = Debug|Any CPU
		{1B3FE257-9E46-4C59-8373-322970A8492B}.Release|Any CPU.ActiveCfg = Release|Any CPU
		{1B3FE257-9E46-4C59-8373-322970A8492B}.Release|Any CPU.Build.0 = Release|Any CPU
		{D315E51F-35EB-4232-8CC7-21D801AFFBC3}.Debug|Any CPU.ActiveCfg = Debug|Any CPU
		{D315E51F-35EB-4232-8CC7-21D801AFFBC3}.Debug|Any CPU.Build.0 = Debug|Any CPU
		{D315E51F-35EB-4232-8CC7-21D801AFFBC3}.Release|Any CPU.ActiveCfg = Release|Any CPU
		{D315E51F-35EB-4232-8CC7-21D801AFFBC3}.Release|Any CPU.Build.0 = Release|Any CPU
		{AFD90C81-9C51-4E0D-A930-21BC7202EB01}.Debug|Any CPU.ActiveCfg = Debug|Any CPU
		{AFD90C81-9C51-4E0D-A930-21BC7202EB01}.Debug|Any CPU.Build.0 = Debug|Any CPU
		{AFD90C81-9C51-4E0D-A930-21BC7202EB01}.Release|Any CPU.ActiveCfg = Release|Any CPU
		{AFD90C81-9C51-4E0D-A930-21BC7202EB01}.Release|Any CPU.Build.0 = Release|Any CPU
		{6E0DA637-DF20-4C00-9A90-9CDCB7741459}.Debug|Any CPU.ActiveCfg = Debug|Any CPU
		{6E0DA637-DF20-4C00-9A90-9CDCB7741459}.Debug|Any CPU.Build.0 = Debug|Any CPU
		{6E0DA637-DF20-4C00-9A90-9CDCB7741459}.Release|Any CPU.ActiveCfg = Release|Any CPU
		{6E0DA637-DF20-4C00-9A90-9CDCB7741459}.Release|Any CPU.Build.0 = Release|Any CPU
		{F14B9F9C-9DED-4BB6-BEA7-69FEF0B5E890}.Debug|Any CPU.ActiveCfg = Debug|Any CPU
		{F14B9F9C-9DED-4BB6-BEA7-69FEF0B5E890}.Debug|Any CPU.Build.0 = Debug|Any CPU
		{F14B9F9C-9DED-4BB6-BEA7-69FEF0B5E890}.Release|Any CPU.ActiveCfg = Release|Any CPU
		{F14B9F9C-9DED-4BB6-BEA7-69FEF0B5E890}.Release|Any CPU.Build.0 = Release|Any CPU
	EndGlobalSection
	GlobalSection(SolutionProperties) = preSolution
		HideSolutionNode = FALSE
	EndGlobalSection
	GlobalSection(NestedProjects) = preSolution
		{FD65028B-2BDB-44EE-9453-2396A9A44E77} = {A275DFA9-76B8-45F4-B926-58E68E1EB301}
		{B95A6284-EDEC-4BDD-8955-99D73E241121} = {A275DFA9-76B8-45F4-B926-58E68E1EB301}
		{1B3FE257-9E46-4C59-8373-322970A8492B} = {A275DFA9-76B8-45F4-B926-58E68E1EB301}
		{D315E51F-35EB-4232-8CC7-21D801AFFBC3} = {C46F31EA-2B4B-4CBA-8E08-849FD4D398BF}
		{AFD90C81-9C51-4E0D-A930-21BC7202EB01} = {FB9C97CF-B599-4292-9724-162ED409BC52}
		{6E0DA637-DF20-4C00-9A90-9CDCB7741459} = {A275DFA9-76B8-45F4-B926-58E68E1EB301}
	EndGlobalSection
	GlobalSection(ExtensibilityGlobals) = postSolution
		SolutionGuid = {BDC685EC-6C7E-407D-A559-2A7715979954}
	EndGlobalSection
EndGlobal
